{
  "version": 4,
  "terraform_version": "1.14.8",
  "serial": 3,
  "lineage": "77a1c1b3-e80e-1a03-90bf-1fece047e533",
  "outputs": {
    "aci_url": {
      "value": "http://vladimir-hellogo-aci.westeurope.azurecontainer.io:8080",
      "type": "string"
    }
  },
  "resources": [
    {
      "mode": "managed",
      "type": "azurerm_container_group",
      "name": "hellogo",
      "provider": "provider[\"registry.terraform.io/hashicorp/azurerm\"]",
      "instances": [
        {
          "schema_version": 0,
          "attributes": {
            "container": [
              {
                "commands": [],
                "cpu": 0.5,
                "cpu_limit": 0,
                "environment_variables": null,
                "image": "ghcr.io/vladtrubnikov1987/hellogo-pipeline/hellogo:latest",
                "liveness_probe": [],
                "memory": 1,
                "memory_limit": 0,
                "name": "hellogo",
                "ports": [
                  {
                    "port": 8080,
                    "protocol": "TCP"
                  }
                ],
                "readiness_probe": [],
                "secure_environment_variables": null,
                "security": [],
                "volume": []
              }
            ],
            "diagnostics": [],
            "dns_config": [],
            "dns_name_label": "vladimir-hellogo-aci",
            "dns_name_label_reuse_policy": "Unsecure",
            "exposed_port": [
              {
                "port": 8080,
                "protocol": "TCP"
              }
            ],
            "fqdn": "vladimir-hellogo-aci.westeurope.azurecontainer.io",
            "id": "/subscriptions/7a016bad-eb8a-41c2-acc2-af1d1d8ee11f/resourceGroups/rg-vladimir-hellogo-aci/providers/Microsoft.ContainerInstance/containerGroups/aci-hellogo",
            "identity": [],
            "image_registry_credential": [],
            "init_container": [],
            "ip_address": "20.31.187.173",
            "ip_address_type": "Public",
            "key_vault_key_id": null,
            "key_vault_user_assigned_identity_id": null,
            "location": "westeurope",
            "name": "aci-hellogo",
            "network_profile_id": null,
            "os_type": "Linux",
            "priority": "",
            "resource_group_name": "rg-vladimir-hellogo-aci",
            "restart_policy": "Always",
            "sku": "Standard",
            "subnet_ids": null,
            "tags": {
              "lesson": "github-actions-aci",
              "project": "hellogo"
            },
            "timeouts": null,
            "zones": null
          },
          "sensitive_attributes": [
            [
              {
                "type": "get_attr",
                "value": "container"
              },
              {
                "type": "index",
                "value": {
                  "value": 0,
                  "type": "number"
                }
              },
              {
                "type": "get_attr",
                "value": "secure_environment_variables"
              }
            ]
          ],
          "identity_schema_version": 0,
          "private": "eyJlMmJmYjczMC1lY2FhLTExZTYtOGY4OC0zNDM2M2JjN2M0YzAiOnsiY3JlYXRlIjozNjAwMDAwMDAwMDAwLCJkZWxldGUiOjE4MDAwMDAwMDAwMDAsInJlYWQiOjMwMDAwMDAwMDAwMCwidXBkYXRlIjoxODAwMDAwMDAwMDAwfX0=",
          "dependencies": [
            "azurerm_resource_group.aci_rg"
          ]
        }
      ]
    },
    {
      "mode": "managed",
      "type": "azurerm_resource_group",
      "name": "aci_rg",
      "provider": "provider[\"registry.terraform.io/hashicorp/azurerm\"]",
      "instances": [
        {
          "schema_version": 0,
          "attributes": {
            "id": "/subscriptions/7a016bad-eb8a-41c2-acc2-af1d1d8ee11f/resourceGroups/rg-vladimir-hellogo-aci",
            "location": "westeurope",
            "managed_by": "",
            "name": "rg-vladimir-hellogo-aci",
            "tags": {
              "lesson": "github-actions-aci",
              "project": "hellogo"
            },
            "timeouts": null
          },
          "sensitive_attributes": [],
          "identity_schema_version": 0,
          "identity": {
            "name": "rg-vladimir-hellogo-aci",
            "subscription_id": "7a016bad-eb8a-41c2-acc2-af1d1d8ee11f"
          },
          "private": "eyJlMmJmYjczMC1lY2FhLTExZTYtOGY4OC0zNDM2M2JjN2M0YzAiOnsiY3JlYXRlIjo1NDAwMDAwMDAwMDAwLCJkZWxldGUiOjU0MDAwMDAwMDAwMDAsInJlYWQiOjMwMDAwMDAwMDAwMCwidXBkYXRlIjo1NDAwMDAwMDAwMDAwfX0="
        }
      ]
    }
  ],
  "check_results": null
}
